# This file is automatically @generated by Cargo.
# It is not intended for manual editing.
version = 4

[[package]]
name = "kemi"
version = "0.1.0"
dependencies = [
 "kemi-core",
 "kemi-server",
 "kemi-webview",
]

[[package]]
name = "kemi-core"
version = "0.1.0"

[[package]]
name = "kemi-server"
version = "0.1.0"
dependencies = [
 "kemi-core",
]

[[package]]
name = "kemi-webview"
version = "0.1.0"
